
Microsoft Visual Studio Solution File, Format Version 12.00
# Visual Studio Version 16
VisualStudioVersion = 16.0.29519.87
MinimumVisualStudioVersion = 10.0.40219.1
Project("{FAE04EC0-301F-11D3-BF4B-00C04F79EFBC}") = "Kaizen_0.1", "Kaizen_0.1\Kaizen_0.1.csproj", "{2EE7FB10-6C21-4439-91EF-99ADE61CF4FC}"
EndProject
Global
	GlobalSection(SolutionConfigurationPlatforms) = preSolution
		Debug|Any CPU = Debug|Any CPU
		Release|Any CPU = Release|Any CPU
	EndGlobalSection
	GlobalSection(ProjectConfigurationPlatforms) = postSolution
		{2EE7FB10-6C21-4439-91EF-99ADE61CF4FC}.Debug|Any CPU.ActiveCfg = Debug|Any CPU
		{2EE7FB10-6C21-4439-91EF-99ADE61CF4FC}.Debug|Any CPU.Build.0 = Debug|Any CPU
		{2EE7FB10-6C21-4439-91EF-99ADE61CF4FC}.Release|Any CPU.ActiveCfg = Release|Any CPU
		{2EE7FB10-6C21-4439-91EF-99ADE61CF4FC}.Release|Any CPU.Build.0 = Release|Any CPU
	EndGlobalSection
	GlobalSection(SolutionProperties) = preSolution
		HideSolutionNode = FALSE
	EndGlobalSection
	GlobalSection(ExtensibilityGlobals) = postSolution
		SolutionGuid = {B38197D2-F26A-4D23-997A-6E2A07966D75}
	EndGlobalSection
EndGlobal
